
Microsoft Visual Studio Solution File, Format Version 12.00
# Visual Studio Version 17
VisualStudioVersion = 17.0.32014.148
MinimumVisualStudioVersion = 10.0.40219.1
Project("{FAE04EC0-301F-11D3-BF4B-00C04F79EFBC}") = "RouletteGame", "RouletteGame\RouletteGame.csproj", "{887B283D-72E3-430B-A94B-BDB735E2CC05}"
EndProject
Global
	GlobalSection(SolutionConfigurationPlatforms) = preSolution
		Debug|Any CPU = Debug|Any CPU
		Release|Any CPU = Release|Any CPU
	EndGlobalSection
	GlobalSection(ProjectConfigurationPlatforms) = postSolution
		{887B283D-72E3-430B-A94B-BDB735E2CC05}.Debug|Any CPU.ActiveCfg = Debug|Any CPU
		{887B283D-72E3-430B-A94B-BDB735E2CC05}.Debug|Any CPU.Build.0 = Debug|Any CPU
		{887B283D-72E3-430B-A94B-BDB735E2CC05}.Release|Any CPU.ActiveCfg = Release|Any CPU
		{887B283D-72E3-430B-A94B-BDB735E2CC05}.Release|Any CPU.Build.0 = Release|Any CPU
	EndGlobalSection
	GlobalSection(SolutionProperties) = preSolution
		HideSolutionNode = FALSE
	EndGlobalSection
	GlobalSection(ExtensibilityGlobals) = postSolution
		SolutionGuid = {4DD4E2A5-57EB-4524-ACE7-3DCAD19F1B8B}
	EndGlobalSection
EndGlobal
